
Microsoft Visual Studio Solution File, Format Version 12.00
# Visual Studio 15
VisualStudioVersion = 15.0.28010.2046
MinimumVisualStudioVersion = 10.0.40219.1
Project("{FAE04EC0-301F-11D3-BF4B-00C04F79EFBC}") = "RemoteFlightController", "RemoteFlightController\RemoteFlightController.csproj", "{253071AA-928F-465A-8301-5E91226404F4}"
EndProject
Global
	GlobalSection(SolutionConfigurationPlatforms) = preSolution
		Debug|Any CPU = Debug|Any CPU
		Release|Any CPU = Release|Any CPU
	EndGlobalSection
	GlobalSection(ProjectConfigurationPlatforms) = postSolution
		{253071AA-928F-465A-8301-5E91226404F4}.Debug|Any CPU.ActiveCfg = Debug|Any CPU
		{253071AA-928F-465A-8301-5E91226404F4}.Debug|Any CPU.Build.0 = Debug|Any CPU
		{253071AA-928F-465A-8301-5E91226404F4}.Release|Any CPU.ActiveCfg = Release|Any CPU
		{253071AA-928F-465A-8301-5E91226404F4}.Release|Any CPU.Build.0 = Release|Any CPU
	EndGlobalSection
	GlobalSection(SolutionProperties) = preSolution
		HideSolutionNode = FALSE
	EndGlobalSection
	GlobalSection(ExtensibilityGlobals) = postSolution
		SolutionGuid = {BD3FDC4E-05CF-4B6D-9508-C1DBC45A6D51}
	EndGlobalSection
EndGlobal
